
Microsoft Visual Studio Solution File, Format Version 12.00
# Visual Studio Version 17
VisualStudioVersion = 17.9.34616.47
MinimumVisualStudioVersion = 10.0.40219.1
Project("{FAE04EC0-301F-11D3-BF4B-00C04F79EFBC}") = "CRUDSederhana", "CRUDSederhana.csproj", "{DA6E83A2-0D4E-4960-8605-BFC8196B82DD}"
EndProject
Global
	GlobalSection(SolutionConfigurationPlatforms) = preSolution
		Debug|Any CPU = Debug|Any CPU
		Release|Any CPU = Release|Any CPU
	EndGlobalSection
	GlobalSection(ProjectConfigurationPlatforms) = postSolution
		{DA6E83A2-0D4E-4960-8605-BFC8196B82DD}.Debug|Any CPU.ActiveCfg = Debug|Any CPU
		{DA6E83A2-0D4E-4960-8605-BFC8196B82DD}.Debug|Any CPU.Build.0 = Debug|Any CPU
		{DA6E83A2-0D4E-4960-8605-BFC8196B82DD}.Release|Any CPU.ActiveCfg = Release|Any CPU
		{DA6E83A2-0D4E-4960-8605-BFC8196B82DD}.Release|Any CPU.Build.0 = Release|Any CPU
	EndGlobalSection
	GlobalSection(SolutionProperties) = preSolution
		HideSolutionNode = FALSE
	EndGlobalSection
	GlobalSection(ExtensibilityGlobals) = postSolution
		SolutionGuid = {6DDCA6B9-AC7C-405E-A4BF-C88FAF5DEE9A}
	EndGlobalSection
EndGlobal
